// !$*UTF8*$!
{
	archiveVersion = 1;
	classes = {
	};
	objectVersion = 50;
	objects = {

/* Begin PBXBuildFile section */
		E43BF976230D718D00D00F26 /* AppDelegate.swift in Sources */ = {isa = PBXBuildFile; fileRef = E43BF975230D718D00D00F26 /* AppDelegate.swift */; };
		E43BF978230D718D00D00F26 /* SceneDelegate.swift in Sources */ = {isa = PBXBuildFile; fileRef = E43BF977230D718D00D00F26 /* SceneDelegate.swift */; };
		E43BF97B230D718D00D00F26 /* SwiftUiDemo.xcdatamodeld in Sources */ = {isa = PBXBuildFile; fileRef = E43BF979230D718D00D00F26 /* SwiftUiDemo.xcdatamodeld */; };
		E43BF97D230D718D00D00F26 /* ContentView.swift in Sources */ = {isa = PBXBuildFile; fileRef = E43BF97C230D718D00D00F26 /* ContentView.swift */; };
		E43BF97F230D71AB00D00F26 /* Assets.xcassets in Resources */ = {isa = PBXBuildFile; fileRef = E43BF97E230D71AB00D00F26 /* Assets.xcassets */; };
		E43BF982230D71AB00D00F26 /* Preview Assets.xcassets in Resources */ = {isa = PBXBuildFile; fileRef = E43BF981230D71AB00D00F26 /* Preview Assets.xcassets */; };
		E43BF985230D71AB00D00F26 /* LaunchScreen.storyboard in Resources */ = {isa = PBXBuildFile; fileRef = E43BF983230D71AB00D00F26 /* LaunchScreen.storyboard */; };
		E43BF990230D71AB00D00F26 /* SwiftUiDemoTests.swift in Sources */ = {isa = PBXBuildFile; fileRef = E43BF98F230D71AB00D00F26 /* SwiftUiDemoTests.swift */; };
		E43BF99B230D71AB00D00F26 /* SwiftUiDemoUITests.swift in Sources */ = {isa = PBXBuildFile; fileRef = E43BF99A230D71AB00D00F26 /* SwiftUiDemoUITests.swift */; };
/* End PBXBuildFile section */

/* Begin PBXContainerItemProxy section */
		E43BF98C230D71AB00D00F26 /* PBXContainerItemProxy */ = {
			isa = PBXContainerItemProxy;
			containerPortal = E43BF96A230D718D00D00F26 /* Project object */;
			proxyType = 1;
			remoteGlobalIDString = E43BF971230D718D00D00F26;
			remoteInfo = SwiftUiDemo;
		};
		E43BF997230D71AB00D00F26 /* PBXContainerItemProxy */ = {
			isa = PBXContainerItemProxy;
			containerPortal = E43BF96A230D718D00D00F26 /* Project object */;
			proxyType = 1;
			remoteGlobalIDString = E43BF971230D718D00D00F26;
			remoteInfo = SwiftUiDemo;
		};
/* End PBXContainerItemProxy section */

/* Begin PBXFileReference section */
		E43BF972230D718D00D00F26 /* SwiftUiDemo.app */ = {isa = PBXFileReference; explicitFileType = wrapper.application; includeInIndex = 0; path = SwiftUiDemo.app; sourceTree = BUILT_PRODUCTS_DIR; };
		E43BF975230D718D00D00F26 /* AppDelegate.swift */ = {isa = PBXFileReference; lastKnownFileType = sourcecode.swift; path = AppDelegate.swift; sourceTree = "<group>"; };
		E43BF977230D718D00D00F26 /* SceneDelegate.swift */ = {isa = PBXFileReference; lastKnownFileType = sourcecode.swift; path = SceneDelegate.swift; sourceTree = "<group>"; };
		E43BF97A230D718D00D00F26 /* SwiftUiDemo.xcdatamodel */ = {isa = PBXFileReference; lastKnownFileType = wrapper.xcdatamodel; path = SwiftUiDemo.xcdatamodel; sourceTree = "<group>"; };
		E43BF97C230D718D00D00F26 /* ContentView.swift */ = {isa = PBXFileReference; lastKnownFileType = sourcecode.swift; path = ContentView.swift; sourceTree = "<group>"; };
		E43BF97E230D71AB00D00F26 /* Assets.xcassets */ = {isa = PBXFileReference; lastKnownFileType = folder.assetcatalog; path = Assets.xcassets; sourceTree = "<group>"; };
		E43BF981230D71AB00D00F26 /* Preview Assets.xcassets */ = {isa = PBXFileReference; lastKnownFileType = folder.assetcatalog; path = "Preview Assets.xcassets"; sourceTree = "<group>"; };
		E43BF984230D71AB00D00F26 /* Base */ = {isa = PBXFileReference; lastKnownFileType = file.storyboard; name = Base; path = Base.lproj/LaunchScreen.storyboard; sourceTree = "<group>"; };
		E43BF986230D71AB00D00F26 /* Info.plist */ = {isa = PBXFileReference; lastKnownFileType = text.plist.xml; path = Info.plist; sourceTree = "<group>"; };
		E43BF98B230D71AB00D00F26 /* SwiftUiDemoTests.xctest */ = {isa = PBXFileReference; explicitFileType = wrapper.cfbundle; includeInIndex = 0; path = SwiftUiDemoTests.xctest; sourceTree = BUILT_PRODUCTS_DIR; };
		E43BF98F230D71AB00D00F26 /* SwiftUiDemoTests.swift */ = {isa = PBXFileReference; lastKnownFileType = sourcecode.swift; path = SwiftUiDemoTests.swift; sourceTree = "<group>"; };
		E43BF991230D71AB00D00F26 /* Info.plist */ = {isa = PBXFileReference; lastKnownFileType = text.plist.xml; path = Info.plist; sourceTree = "<group>"; };
		E43BF996230D71AB00D00F26 /* SwiftUiDemoUITests.xctest */ = {isa = PBXFileReference; explicitFileType = wrapper.cfbundle; includeInIndex = 0; path = SwiftUiDemoUITests.xctest; sourceTree = BUILT_PRODUCTS_DIR; };
		E43BF99A230D71AB00D00F26 /* SwiftUiDemoUITests.swift */ = {isa = PBXFileReference; lastKnownFileType = sourcecode.swift; path = SwiftUiDemoUITests.swift; sourceTree = "<group>"; };
		E43BF99C230D71AB00D00F26 /* Info.plist */ = {isa = PBXFileReference; lastKnownFileType = text.plist.xml; path = Info.plist; sourceTree = "<group>"; };
/* End PBXFileReference section */

/* Begin PBXFrameworksBuildPhase section */
		E43BF96F230D718D00D00F26 /* Frameworks */ = {
			isa = PBXFrameworksBuildPhase;
			buildActionMask = 2147483647;
			files = (
			);
			runOnlyForDeploymentPostprocessing = 0;
		};
		E43BF988230D71AB00D00F26 /* Frameworks */ = {
			isa = PBXFrameworksBuildPhase;
			buildActionMask = 2147483647;
			files = (
			);
			runOnlyForDeploymentPostprocessing = 0;
		};
		E43BF993230D71AB00D00F26 /* Frameworks */ = {
			isa = PBXFrameworksBuildPhase;
			buildActionMask = 2147483647;
			files = (
			);
			runOnlyForDeploymentPostprocessing = 0;
		};
/* End PBXFrameworksBuildPhase section */

/* Begin PBXGroup section */
		E43BF969230D718C00D00F26 = {
			isa = PBXGroup;
			children = (
				E43BF974230D718D00D00F26 /* SwiftUiDemo */,
				E43BF98E230D71AB00D00F26 /* SwiftUiDemoTests */,
				E43BF999230D71AB00D00F26 /* SwiftUiDemoUITests */,
				E43BF973230D718D00D00F26 /* Products */,
			);
			sourceTree = "<group>";
		};
		E43BF973230D718D00D00F26 /* Products */ = {
			isa = PBXGroup;
			children = (
				E43BF972230D718D00D00F26 /* SwiftUiDemo.app */,
				E43BF98B230D71AB00D00F26 /* SwiftUiDemoTests.xctest */,
				E43BF996230D71AB00D00F26 /* SwiftUiDemoUITests.xctest */,
			);
			name = Products;
			sourceTree = "<group>";
		};
		E43BF974230D718D00D00F26 /* SwiftUiDemo */ = {
			isa = PBXGroup;
			children = (
				E43BF975230D718D00D00F26 /* AppDelegate.swift */,
				E43BF977230D718D00D00F26 /* SceneDelegate.swift */,
				E43BF97C230D718D00D00F26 /* ContentView.swift */,
				E43BF97E230D71AB00D00F26 /* Assets.xcassets */,
				E43BF983230D71AB00D00F26 /* LaunchScreen.storyboard */,
				E43BF986230D71AB00D00F26 /* Info.plist */,
				E43BF979230D718D00D00F26 /* SwiftUiDemo.xcdatamodeld */,
				E43BF980230D71AB00D00F26 /* Preview Content */,
			);
			path = SwiftUiDemo;
			sourceTree = "<group>";
		};
		E43BF980230D71AB00D00F26 /* Preview Content */ = {
			isa = PBXGroup;
			children = (
				E43BF981230D71AB00D00F26 /* Preview Assets.xcassets */,
			);
			path = "Preview Content";
			sourceTree = "<group>";
		};
		E43BF98E230D71AB00D00F26 /* SwiftUiDemoTests */ = {
			isa = PBXGroup;
			children = (
				E43BF98F230D71AB00D00F26 /* SwiftUiDemoTests.swift */,
				E43BF991230D71AB00D00F26 /* Info.plist */,
			);
			path = SwiftUiDemoTests;
			sourceTree = "<group>";
		};
		E43BF999230D71AB00D00F26 /* SwiftUiDemoUITests */ = {
			isa = PBXGroup;
			children = (
				E43BF99A230D71AB00D00F26 /* SwiftUiDemoUITests.swift */,
				E43BF99C230D71AB00D00F26 /* Info.plist */,
			);
			path = SwiftUiDemoUITests;
			sourceTree = "<group>";
		};
/* End PBXGroup section */

/* Begin PBXNativeTarget section */
		E43BF971230D718D00D00F26 /* SwiftUiDemo */ = {
			isa = PBXNativeTarget;
			buildConfigurationList = E43BF99F230D71AB00D00F26 /* Build configuration list for PBXNativeTarget "SwiftUiDemo" */;
			buildPhases = (
				E43BF96E230D718D00D00F26 /* Sources */,
				E43BF96F230D718D00D00F26 /* Frameworks */,
				E43BF970230D718D00D00F26 /* Resources */,
			);
			buildRules = (
			);
			dependencies = (
			);
			name = SwiftUiDemo;
			productName = SwiftUiDemo;
			productReference = E43BF972230D718D00D00F26 /* SwiftUiDemo.app */;
			productType = "com.apple.product-type.application";
		};
		E43BF98A230D71AB00D00F26 /* SwiftUiDemoTests */ = {
			isa = PBXNativeTarget;
			buildConfigurationList = E43BF9A2230D71AB00D00F26 /* Build configuration list for PBXNativeTarget "SwiftUiDemoTests" */;
			buildPhases = (
				E43BF987230D71AB00D00F26 /* Sources */,
				E43BF988230D71AB00D00F26 /* Frameworks */,
				E43BF989230D71AB00D00F26 /* Resources */,
			);
			buildRules = (
			);
			dependencies = (
				E43BF98D230D71AB00D00F26 /* PBXTargetDependency */,
			);
			name = SwiftUiDemoTests;
			productName = SwiftUiDemoTests;
			productReference = E43BF98B230D71AB00D00F26 /* SwiftUiDemoTests.xctest */;
			productType = "com.apple.product-type.bundle.unit-test";
		};
		E43BF995230D71AB00D00F26 /* SwiftUiDemoUITests */ = {
			isa = PBXNativeTarget;
			buildConfigurationList = E43BF9A5230D71AB00D00F26 /* Build configuration list for PBXNativeTarget "SwiftUiDemoUITests" */;
			buildPhases = (
				E43BF992230D71AB00D00F26 /* Sources */,
				E43BF993230D71AB00D00F26 /* Frameworks */,
				E43BF994230D71AB00D00F26 /* Resources */,
			);
			buildRules = (
			);
			dependencies = (
				E43BF998230D71AB00D00F26 /* PBXTargetDependency */,
			);
			name = SwiftUiDemoUITests;
			productName = SwiftUiDemoUITests;
			productReference = E43BF996230D71AB00D00F26 /* SwiftUiDemoUITests.xctest */;
			productType = "com.apple.product-type.bundle.ui-testing";
		};
/* End PBXNativeTarget section */

/* Begin PBXProject section */
		E43BF96A230D718D00D00F26 /* Project object */ = {
			isa = PBXProject;
			attributes = {
				LastSwiftUpdateCheck = 1100;
				LastUpgradeCheck = 1100;
				ORGANIZATIONNAME = "Soni Suman";
				TargetAttributes = {
					E43BF971230D718D00D00F26 = {
						CreatedOnToolsVersion = 11.0;
					};
					E43BF98A230D71AB00D00F26 = {
						CreatedOnToolsVersion = 11.0;
						TestTargetID = E43BF971230D718D00D00F26;
					};
					E43BF995230D71AB00D00F26 = {
						CreatedOnToolsVersion = 11.0;
						TestTargetID = E43BF971230D718D00D00F26;
					};
				};
			};
			buildConfigurationList = E43BF96D230D718D00D00F26 /* Build configuration list for PBXProject "SwiftUiDemo" */;
			compatibilityVersion = "Xcode 9.3";
			developmentRegion = en;
			hasScannedForEncodings = 0;
			knownRegions = (
				en,
				Base,
			);
			mainGroup = E43BF969230D718C00D00F26;
			productRefGroup = E43BF973230D718D00D00F26 /* Products */;
			projectDirPath = "";
			projectRoot = "";
			targets = (
				E43BF971230D718D00D00F26 /* SwiftUiDemo */,
				E43BF98A230D71AB00D00F26 /* SwiftUiDemoTests */,
				E43BF995230D71AB00D00F26 /* SwiftUiDemoUITests */,
			);
		};
/* End PBXProject section */

/* Begin PBXResourcesBuildPhase section */
		E43BF970230D718D00D00F26 /* Resources */ = {
			isa = PBXResourcesBuildPhase;
			buildActionMask = 2147483647;
			files = (
				E43BF985230D71AB00D00F26 /* LaunchScreen.storyboard in Resources */,
				E43BF982230D71AB00D00F26 /* Preview Assets.xcassets in Resources */,
				E43BF97F230D71AB00D00F26 /* Assets.xcassets in Resources */,
			);
			runOnlyForDeploymentPostprocessing = 0;
		};
		E43BF989230D71AB00D00F26 /* Resources */ = {
			isa = PBXResourcesBuildPhase;
			buildActionMask = 2147483647;
			files = (
			);
			runOnlyForDeploymentPostprocessing = 0;
		};
		E43BF994230D71AB00D00F26 /* Resources */ = {
			isa = PBXResourcesBuildPhase;
			buildActionMask = 2147483647;
			files = (
			);
			runOnlyForDeploymentPostprocessing = 0;
		};
/* End PBXResourcesBuildPhase section */

/* Begin PBXSourcesBuildPhase section */
		E43BF96E230D718D00D00F26 /* Sources */ = {
			isa = PBXSourcesBuildPhase;
			buildActionMask = 2147483647;
			files = (
				E43BF976230D718D00D00F26 /* AppDelegate.swift in Sources */,
				E43BF978230D718D00D00F26 /* SceneDelegate.swift in Sources */,
				E43BF97D230D718D00D00F26 /* ContentView.swift in Sources */,
				E43BF97B230D718D00D00F26 /* SwiftUiDemo.xcdatamodeld in Sources */,
			);
			runOnlyForDeploymentPostprocessing = 0;
		};
		E43BF987230D71AB00D00F26 /* Sources */ = {
			isa = PBXSourcesBuildPhase;
			buildActionMask = 2147483647;
			files = (
				E43BF990230D71AB00D00F26 /* SwiftUiDemoTests.swift in Sources */,
			);
			runOnlyForDeploymentPostprocessing = 0;
		};
		E43BF992230D71AB00D00F26 /* Sources */ = {
			isa = PBXSourcesBuildPhase;
			buildActionMask = 2147483647;
			files = (
				E43BF99B230D71AB00D00F26 /* SwiftUiDemoUITests.swift in Sources */,
			);
			runOnlyForDeploymentPostprocessing = 0;
		};
/* End PBXSourcesBuildPhase section */

/* Begin PBXTargetDependency section */
		E43BF98D230D71AB00D00F26 /* PBXTargetDependency */ = {
			isa = PBXTargetDependency;
			target = E43BF971230D718D00D00F26 /* SwiftUiDemo */;
			targetProxy = E43BF98C230D71AB00D00F26 /* PBXContainerItemProxy */;
		};
		E43BF998230D71AB00D00F26 /* PBXTargetDependency */ = {
			isa = PBXTargetDependency;
			target = E43BF971230D718D00D00F26 /* SwiftUiDemo */;
			targetProxy = E43BF997230D71AB00D00F26 /* PBXContainerItemProxy */;
		};
/* End PBXTargetDependency section */

/* Begin PBXVariantGroup section */
		E43BF983230D71AB00D00F26 /* LaunchScreen.storyboard */ = {
			isa = PBXVariantGroup;
			children = (
				E43BF984230D71AB00D00F26 /* Base */,
			);
			name = LaunchScreen.storyboard;
			sourceTree = "<group>";
		};
/* End PBXVariantGroup section */

/* Begin XCBuildConfiguration section */
		E43BF99D230D71AB00D00F26 /* Debug */ = {
			isa = XCBuildConfiguration;
			buildSettings = {
				ALWAYS_SEARCH_USER_PATHS = NO;
				CLANG_ANALYZER_NONNULL = YES;
				CLANG_ANALYZER_NUMBER_OBJECT_CONVERSION = YES_AGGRESSIVE;
				CLANG_CXX_LANGUAGE_STANDARD = "gnu++14";
				CLANG_CXX_LIBRARY = "libc++";
				CLANG_ENABLE_MODULES = YES;
				CLANG_ENABLE_OBJC_ARC = YES;
				CLANG_ENABLE_OBJC_WEAK = YES;
				CLANG_WARN_BLOCK_CAPTURE_AUTORELEASING = YES;
				CLANG_WARN_BOOL_CONVERSION = YES;
				CLANG_WARN_COMMA = YES;
				CLANG_WARN_CONSTANT_CONVERSION = YES;
				CLANG_WARN_DEPRECATED_OBJC_IMPLEMENTATIONS = YES;
				CLANG_WARN_DIRECT_OBJC_ISA_USAGE = YES_ERROR;
				CLANG_WARN_DOCUMENTATION_COMMENTS = YES;
				CLANG_WARN_EMPTY_BODY = YES;
				CLANG_WARN_ENUM_CONVERSION = YES;
				CLANG_WARN_INFINITE_RECURSION = YES;
				CLANG_WARN_INT_CONVERSION = YES;
				CLANG_WARN_NON_LITERAL_NULL_CONVERSION = YES;
				CLANG_WARN_OBJC_IMPLICIT_RETAIN_SELF = YES;
				CLANG_WARN_OBJC_LITERAL_CONVERSION = YES;
				CLANG_WARN_OBJC_ROOT_CLASS = YES_ERROR;
				CLANG_WARN_RANGE_LOOP_ANALYSIS = YES;
				CLANG_WARN_STRICT_PROTOTYPES = YES;
				CLANG_WARN_SUSPICIOUS_MOVE = YES;
				CLANG_WARN_UNGUARDED_AVAILABILITY = YES_AGGRESSIVE;
				CLANG_WARN_UNREACHABLE_CODE = YES;
				CLANG_WARN__DUPLICATE_METHOD_MATCH = YES;
				COPY_PHASE_STRIP = NO;
				DEBUG_INFORMATION_FORMAT = dwarf;
				ENABLE_STRICT_OBJC_MSGSEND = YES;
				ENABLE_TESTABILITY = YES;
				GCC_C_LANGUAGE_STANDARD = gnu11;
				GCC_DYNAMIC_NO_PIC = NO;
				GCC_NO_COMMON_BLOCKS = YES;
				GCC_OPTIMIZATION_LEVEL = 0;
				GCC_PREPROCESSOR_DEFINITIONS = (
					"DEBUG=1",
					"$(inherited)",
				);
				GCC_WARN_64_TO_32_BIT_CONVERSION = YES;
				GCC_WARN_ABOUT_RETURN_TYPE = YES_ERROR;
				GCC_WARN_UNDECLARED_SELECTOR = YES;
				GCC_WARN_UNINITIALIZED_AUTOS = YES_AGGRESSIVE;
				GCC_WARN_UNUSED_FUNCTION = YES;
				GCC_WARN_UNUSED_VARIABLE = YES;
				IPHONEOS_DEPLOYMENT_TARGET = 13.0;
				MTL_ENABLE_DEBUG_INFO = INCLUDE_SOURCE;
				MTL_FAST_MATH = YES;
				ONLY_ACTIVE_ARCH = YES;
				SDKROOT = iphoneos;
				SWIFT_ACTIVE_COMPILATION_CONDITIONS = DEBUG;
				SWIFT_OPTIMIZATION_LEVEL = "-Onone";
			};
			name = Debug;
		};
		E43BF99E230D71AB00D00F26 /* Release */ = {
			isa = XCBuildConfiguration;
			buildSettings = {
				ALWAYS_SEARCH_USER_PATHS = NO;
				CLANG_ANALYZER_NONNULL = YES;
				CLANG_ANALYZER_NUMBER_OBJECT_CONVERSION = YES_AGGRESSIVE;
				CLANG_CXX_LANGUAGE_STANDARD = "gnu++14";
				CLANG_CXX_LIBRARY = "libc++";
				CLANG_ENABLE_MODULES = YES;
				CLANG_ENABLE_OBJC_ARC = YES;
				CLANG_ENABLE_OBJC_WEAK = YES;
				CLANG_WARN_BLOCK_CAPTURE_AUTORELEASING = YES;
				CLANG_WARN_BOOL_CONVERSION = YES;
				CLANG_WARN_COMMA = YES;
				CLANG_WARN_CONSTANT_CONVERSION = YES;
				CLANG_WARN_DEPRECATED_OBJC_IMPLEMENTATIONS = YES;
				CLANG_WARN_DIRECT_OBJC_ISA_USAGE = YES_ERROR;
				CLANG_WARN_DOCUMENTATION_COMMENTS = YES;
				CLANG_WARN_EMPTY_BODY = YES;
				CLANG_WARN_ENUM_CONVERSION = YES;
				CLANG_WARN_INFINITE_RECURSION = YES;
				CLANG_WARN_INT_CONVERSION = YES;
				CLANG_WARN_NON_LITERAL_NULL_CONVERSION = YES;
				CLANG_WARN_OBJC_IMPLICIT_RETAIN_SELF = YES;
				CLANG_WARN_OBJC_LITERAL_CONVERSION = YES;
				CLANG_WARN_OBJC_ROOT_CLASS = YES_ERROR;
				CLANG_WARN_RANGE_LOOP_ANALYSIS = YES;
				CLANG_WARN_STRICT_PROTOTYPES = YES;
				CLANG_WARN_SUSPICIOUS_MOVE = YES;
				CLANG_WARN_UNGUARDED_AVAILABILITY = YES_AGGRESSIVE;
				CLANG_WARN_UNREACHABLE_CODE = YES;
				CLANG_WARN__DUPLICATE_METHOD_MATCH = YES;
				COPY_PHASE_STRIP = NO;
				DEBUG_INFORMATION_FORMAT = "dwarf-with-dsym";
				ENABLE_NS_ASSERTIONS = NO;
				ENABLE_STRICT_OBJC_MSGSEND = YES;
				GCC_C_LANGUAGE_STANDARD = gnu11;
				GCC_NO_COMMON_BLOCKS = YES;
				GCC_WARN_64_TO_32_BIT_CONVERSION = YES;
				GCC_WARN_ABOUT_RETURN_TYPE = YES_ERROR;
				GCC_WARN_UNDECLARED_SELECTOR = YES;
				GCC_WARN_UNINITIALIZED_AUTOS = YES_AGGRESSIVE;
				GCC_WARN_UNUSED_FUNCTION = YES;
				GCC_WARN_UNUSED_VARIABLE = YES;
				IPHONEOS_DEPLOYMENT_TARGET = 13.0;
				MTL_ENABLE_DEBUG_INFO = NO;
				MTL_FAST_MATH = YES;
				SDKROOT = iphoneos;
				SWIFT_COMPILATION_MODE = wholemodule;
				SWIFT_OPTIMIZATION_LEVEL = "-O";
				VALIDATE_PRODUCT = YES;
			};
			name = Release;
		};
		E43BF9A0230D71AB00D00F26 /* Debug */ = {
			isa = XCBuildConfiguration;
			buildSettings = {
				ASSETCATALOG_COMPILER_APPICON_NAME = AppIcon;
				CODE_SIGN_STYLE = Automatic;
				DEVELOPMENT_ASSET_PATHS = "\"SwiftUiDemo/Preview Content\"";
				ENABLE_PREVIEWS = YES;
				INFOPLIST_FILE = SwiftUiDemo/Info.plist;
				LD_RUNPATH_SEARCH_PATHS = (
					"$(inherited)",
					"@executable_path/Frameworks",
				);
				PRODUCT_BUNDLE_IDENTIFIER = com.sample.SwiftUiDemo;
				PRODUCT_NAME = "$(TARGET_NAME)";
				SWIFT_VERSION = 5.0;
				TARGETED_DEVICE_FAMILY = "1,2";
			};
			name = Debug;
		};
		E43BF9A1230D71AB00D00F26 /* Release */ = {
			isa = XCBuildConfiguration;
			buildSettings = {
				ASSETCATALOG_COMPILER_APPICON_NAME = AppIcon;
				CODE_SIGN_STYLE = Automatic;
				DEVELOPMENT_ASSET_PATHS = "\"SwiftUiDemo/Preview Content\"";
				ENABLE_PREVIEWS = YES;
				INFOPLIST_FILE = SwiftUiDemo/Info.plist;
				LD_RUNPATH_SEARCH_PATHS = (
					"$(inherited)",
					"@executable_path/Frameworks",
				);
				PRODUCT_BUNDLE_IDENTIFIER = com.sample.SwiftUiDemo;
				PRODUCT_NAME = "$(TARGET_NAME)";
				SWIFT_VERSION = 5.0;
				TARGETED_DEVICE_FAMILY = "1,2";
			};
			name = Release;
		};
		E43BF9A3230D71AB00D00F26 /* Debug */ = {
			isa = XCBuildConfiguration;
			buildSettings = {
				ALWAYS_EMBED_SWIFT_STANDARD_LIBRARIES = YES;
				BUNDLE_LOADER = "$(TEST_HOST)";
				CODE_SIGN_STYLE = Automatic;
				INFOPLIST_FILE = SwiftUiDemoTests/Info.plist;
				IPHONEOS_DEPLOYMENT_TARGET = 13.0;
				LD_RUNPATH_SEARCH_PATHS = (
					"$(inherited)",
					"@executable_path/Frameworks",
					"@loader_path/Frameworks",
				);
				PRODUCT_BUNDLE_IDENTIFIER = com.sample.SwiftUiDemoTests;
				PRODUCT_NAME = "$(TARGET_NAME)";
				SWIFT_VERSION = 5.0;
				TARGETED_DEVICE_FAMILY = "1,2";
				TEST_HOST = "$(BUILT_PRODUCTS_DIR)/SwiftUiDemo.app/SwiftUiDemo";
			};
			name = Debug;
		};
		E43BF9A4230D71AB00D00F26 /* Release */ = {
			isa = XCBuildConfiguration;
			buildSettings = {
				ALWAYS_EMBED_SWIFT_STANDARD_LIBRARIES = YES;
				BUNDLE_LOADER = "$(TEST_HOST)";
				CODE_SIGN_STYLE = Automatic;
				INFOPLIST_FILE = SwiftUiDemoTests/Info.plist;
				IPHONEOS_DEPLOYMENT_TARGET = 13.0;
				LD_RUNPATH_SEARCH_PATHS = (
					"$(inherited)",
					"@executable_path/Frameworks",
					"@loader_path/Frameworks",
				);
				PRODUCT_BUNDLE_IDENTIFIER = com.sample.SwiftUiDemoTests;
				PRODUCT_NAME = "$(TARGET_NAME)";
				SWIFT_VERSION = 5.0;
				TARGETED_DEVICE_FAMILY = "1,2";
				TEST_HOST = "$(BUILT_PRODUCTS_DIR)/SwiftUiDemo.app/SwiftUiDemo";
			};
			name = Release;
		};
		E43BF9A6230D71AB00D00F26 /* Debug */ = {
			isa = XCBuildConfiguration;
			buildSettings = {
				ALWAYS_EMBED_SWIFT_STANDARD_LIBRARIES = YES;
				CODE_SIGN_STYLE = Automatic;
				INFOPLIST_FILE = SwiftUiDemoUITests/Info.plist;
				LD_RUNPATH_SEARCH_PATHS = (
					"$(inherited)",
					"@executable_path/Frameworks",
					"@loader_path/Frameworks",
				);
				PRODUCT_BUNDLE_IDENTIFIER = com.sample.SwiftUiDemoUITests;
				PRODUCT_NAME = "$(TARGET_NAME)";
				SWIFT_VERSION = 5.0;
				TARGETED_DEVICE_FAMILY = "1,2";
				TEST_TARGET_NAME = SwiftUiDemo;
			};
			name = Debug;
		};
		E43BF9A7230D71AB00D00F26 /* Release */ = {
			isa = XCBuildConfiguration;
			buildSettings = {
				ALWAYS_EMBED_SWIFT_STANDARD_LIBRARIES = YES;
				CODE_SIGN_STYLE = Automatic;
				INFOPLIST_FILE = SwiftUiDemoUITests/Info.plist;
				LD_RUNPATH_SEARCH_PATHS = (
					"$(inherited)",
					"@executable_path/Frameworks",
					"@loader_path/Frameworks",
				);
				PRODUCT_BUNDLE_IDENTIFIER = com.sample.SwiftUiDemoUITests;
				PRODUCT_NAME = "$(TARGET_NAME)";
				SWIFT_VERSION = 5.0;
				TARGETED_DEVICE_FAMILY = "1,2";
				TEST_TARGET_NAME = SwiftUiDemo;
			};
			name = Release;
		};
/* End XCBuildConfiguration section */

/* Begin XCConfigurationList section */
		E43BF96D230D718D00D00F26 /* Build configuration list for PBXProject "SwiftUiDemo" */ = {
			isa = XCConfigurationList;
			buildConfigurations = (
				E43BF99D230D71AB00D00F26 /* Debug */,
				E43BF99E230D71AB00D00F26 /* Release */,
			);
			defaultConfigurationIsVisible = 0;
			defaultConfigurationName = Release;
		};
		E43BF99F230D71AB00D00F26 /* Build configuration list for PBXNativeTarget "SwiftUiDemo" */ = {
			isa = XCConfigurationList;
			buildConfigurations = (
				E43BF9A0230D71AB00D00F26 /* Debug */,
				E43BF9A1230D71AB00D00F26 /* Release */,
			);
			defaultConfigurationIsVisible = 0;
			defaultConfigurationName = Release;
		};
		E43BF9A2230D71AB00D00F26 /* Build configuration list for PBXNativeTarget "SwiftUiDemoTests" */ = {
			isa = XCConfigurationList;
			buildConfigurations = (
				E43BF9A3230D71AB00D00F26 /* Debug */,
				E43BF9A4230D71AB00D00F26 /* Release */,
			);
			defaultConfigurationIsVisible = 0;
			defaultConfigurationName = Release;
		};
		E43BF9A5230D71AB00D00F26 /* Build configuration list for PBXNativeTarget "SwiftUiDemoUITests" */ = {
			isa = XCConfigurationList;
			buildConfigurations = (
				E43BF9A6230D71AB00D00F26 /* Debug */,
				E43BF9A7230D71AB00D00F26 /* Release */,
			);
			defaultConfigurationIsVisible = 0;
			defaultConfigurationName = Release;
		};
/* End XCConfigurationList section */

/* Begin XCVersionGroup section */
		E43BF979230D718D00D00F26 /* SwiftUiDemo.xcdatamodeld */ = {
			isa = XCVersionGroup;
			children = (
				E43BF97A230D718D00D00F26 /* SwiftUiDemo.xcdatamodel */,
			);
			currentVersion = E43BF97A230D718D00D00F26 /* SwiftUiDemo.xcdatamodel */;
			path = SwiftUiDemo.xcdatamodeld;
			sourceTree = "<group>";
			versionGroupType = wrapper.xcdatamodel;
		};
/* End XCVersionGroup section */
	};
	rootObject = E43BF96A230D718D00D00F26 /* Project object */;
}
